
Microsoft Visual Studio Solution File, Format Version 12.00
# Visual Studio 15
VisualStudioVersion = 15.0.28307.1062
MinimumVisualStudioVersion = 10.0.40219.1
Project("{FAE04EC0-301F-11D3-BF4B-00C04F79EFBC}") = "Виселица", "Виселица\Виселица.csproj", "{2255D4E7-7529-4B0D-A4EE-E78E8919CA65}"
EndProject
Global
	GlobalSection(SolutionConfigurationPlatforms) = preSolution
		Debug|Any CPU = Debug|Any CPU
		Release|Any CPU = Release|Any CPU
	EndGlobalSection
	GlobalSection(ProjectConfigurationPlatforms) = postSolution
		{2255D4E7-7529-4B0D-A4EE-E78E8919CA65}.Debug|Any CPU.ActiveCfg = Debug|Any CPU
		{2255D4E7-7529-4B0D-A4EE-E78E8919CA65}.Debug|Any CPU.Build.0 = Debug|Any CPU
		{2255D4E7-7529-4B0D-A4EE-E78E8919CA65}.Release|Any CPU.ActiveCfg = Release|Any CPU
		{2255D4E7-7529-4B0D-A4EE-E78E8919CA65}.Release|Any CPU.Build.0 = Release|Any CPU
	EndGlobalSection
	GlobalSection(SolutionProperties) = preSolution
		HideSolutionNode = FALSE
	EndGlobalSection
	GlobalSection(ExtensibilityGlobals) = postSolution
		SolutionGuid = {F4D1EA95-4F5F-4A64-97F7-6021D8E9115D}
	EndGlobalSection
EndGlobal
